
Microsoft Visual Studio Solution File, Format Version 12.00
# Visual Studio Version 17
VisualStudioVersion = 17.14.36414.22 d17.14
MinimumVisualStudioVersion = 10.0.40219.1
Project("{FAE04EC0-301F-11D3-BF4B-00C04F79EFBC}") = "MIREA_Contest", "MIREA_Contest\MIREA_Contest.csproj", "{4E09608C-57D0-476D-9524-23D4DEDF26D3}"
EndProject
Global
	GlobalSection(SolutionConfigurationPlatforms) = preSolution
		Debug|Any CPU = Debug|Any CPU
		Release|Any CPU = Release|Any CPU
	EndGlobalSection
	GlobalSection(ProjectConfigurationPlatforms) = postSolution
		{4E09608C-57D0-476D-9524-23D4DEDF26D3}.Debug|Any CPU.ActiveCfg = Debug|Any CPU
		{4E09608C-57D0-476D-9524-23D4DEDF26D3}.Debug|Any CPU.Build.0 = Debug|Any CPU
		{4E09608C-57D0-476D-9524-23D4DEDF26D3}.Release|Any CPU.ActiveCfg = Release|Any CPU
		{4E09608C-57D0-476D-9524-23D4DEDF26D3}.Release|Any CPU.Build.0 = Release|Any CPU
	EndGlobalSection
	GlobalSection(SolutionProperties) = preSolution
		HideSolutionNode = FALSE
	EndGlobalSection
	GlobalSection(ExtensibilityGlobals) = postSolution
		SolutionGuid = {D1858038-4949-458E-8320-208E3D4D1737}
	EndGlobalSection
EndGlobal
